
Microsoft Visual Studio Solution File, Format Version 12.00
# Visual Studio Version 17
VisualStudioVersion = 17.6.33712.159
MinimumVisualStudioVersion = 10.0.40219.1
Project("{FAE04EC0-301F-11D3-BF4B-00C04F79EFBC}") = "Emlak", "Emlak.csproj", "{E46ADB78-3C52-43C2-9AD9-217AF7FF5D89}"
EndProject
Global
	GlobalSection(SolutionConfigurationPlatforms) = preSolution
		Debug|Any CPU = Debug|Any CPU
		Release|Any CPU = Release|Any CPU
	EndGlobalSection
	GlobalSection(ProjectConfigurationPlatforms) = postSolution
		{E46ADB78-3C52-43C2-9AD9-217AF7FF5D89}.Debug|Any CPU.ActiveCfg = Debug|Any CPU
		{E46ADB78-3C52-43C2-9AD9-217AF7FF5D89}.Debug|Any CPU.Build.0 = Debug|Any CPU
		{E46ADB78-3C52-43C2-9AD9-217AF7FF5D89}.Release|Any CPU.ActiveCfg = Release|Any CPU
		{E46ADB78-3C52-43C2-9AD9-217AF7FF5D89}.Release|Any CPU.Build.0 = Release|Any CPU
	EndGlobalSection
	GlobalSection(SolutionProperties) = preSolution
		HideSolutionNode = FALSE
	EndGlobalSection
	GlobalSection(ExtensibilityGlobals) = postSolution
		SolutionGuid = {18770DCE-72CB-4A4B-A3DD-DA8003262934}
	EndGlobalSection
EndGlobal
